
Microsoft Visual Studio Solution File, Format Version 12.00
# Visual Studio 14
VisualStudioVersion = 14.0.23107.0
MinimumVisualStudioVersion = 10.0.40219.1
Project("{2150E333-8FDC-42A3-9474-1A3956D46DE8}") = "tests", "tests", "{E7B39EAD-EA32-4011-845A-C949A336389A}"
EndProject
Project("{2150E333-8FDC-42A3-9474-1A3956D46DE8}") = "notices", "notices", "{E8BEECAD-4A51-48A6-9602-6D8C6F41841E}"
	ProjectSection(SolutionItems) = preProject
		COPYRIGHT.txt = COPYRIGHT.txt
		CREDITS.txt = CREDITS.txt
		LICENSE.txt = LICENSE.txt
	EndProjectSection
EndProject
Project("{2150E333-8FDC-42A3-9474-1A3956D46DE8}") = "Solution Items", "Solution Items", "{A2E61590-0069-4746-A44D-4B2B805EDD91}"
	ProjectSection(SolutionItems) = preProject
		acknowledgements.md = acknowledgements.md
		Build\Build.proj = Build\Build.proj
		Build\Build.tasks = Build\Build.tasks
		changelog.md = changelog.md
		CodeAnalysisDictionary.xml = CodeAnalysisDictionary.xml
		Build\ilmerge.internalize.ignore.txt = Build\ilmerge.internalize.ignore.txt
		NuGet.ruleset = NuGet.ruleset
		Build\NuGet.Settings.targets = Build\NuGet.Settings.targets
		Build\NuGet.Test.targets = Build\NuGet.Test.targets
	EndProjectSection
EndProject
Project("{2150E333-8FDC-42A3-9474-1A3956D46DE8}") = "nuget.build", "nuget.build", "{9D2D9A2A-71C8-481A-A2A3-EF0CE65E3B32}"
	ProjectSection(SolutionItems) = preProject
		src\Build\NuGet.Build.nuspec = src\Build\NuGet.Build.nuspec
		src\Build\NuGet.targets = src\Build\NuGet.targets
	EndProjectSection
EndProject
Project("{FAE04EC0-301F-11D3-BF4B-00C04F79EFBC}") = "Core", "src\Core\Core.csproj", "{F879F274-EFA0-4157-8404-33A19B4E6AEC}"
EndProject
Project("{FAE04EC0-301F-11D3-BF4B-00C04F79EFBC}") = "Core.Test", "test\Core.Test\Core.Test.csproj", "{D3106412-E3AF-4CB6-B6D3-3664465B491F}"
EndProject
Project("{2150E333-8FDC-42A3-9474-1A3956D46DE8}") = "V3", "V3", "{F7AB250E-2479-4C9A-AFB2-67A9954918C3}"
EndProject
Global
	GlobalSection(SolutionConfigurationPlatforms) = preSolution
		Coverage|Any CPU = Coverage|Any CPU
		Coverage|Mixed Platforms = Coverage|Mixed Platforms
		Debug|Any CPU = Debug|Any CPU
		Debug|Mixed Platforms = Debug|Mixed Platforms
		Mono Debug|Any CPU = Mono Debug|Any CPU
		Mono Debug|Mixed Platforms = Mono Debug|Mixed Platforms
		Mono Release|Any CPU = Mono Release|Any CPU
		Mono Release|Mixed Platforms = Mono Release|Mixed Platforms
		Release|Any CPU = Release|Any CPU
		Release|Mixed Platforms = Release|Mixed Platforms
	EndGlobalSection
	GlobalSection(ProjectConfigurationPlatforms) = postSolution
		{F879F274-EFA0-4157-8404-33A19B4E6AEC}.Coverage|Any CPU.ActiveCfg = Coverage|Any CPU
		{F879F274-EFA0-4157-8404-33A19B4E6AEC}.Coverage|Any CPU.Build.0 = Coverage|Any CPU
		{F879F274-EFA0-4157-8404-33A19B4E6AEC}.Coverage|Mixed Platforms.ActiveCfg = Coverage|Any CPU
		{F879F274-EFA0-4157-8404-33A19B4E6AEC}.Coverage|Mixed Platforms.Build.0 = Coverage|Any CPU
		{F879F274-EFA0-4157-8404-33A19B4E6AEC}.Debug|Any CPU.ActiveCfg = Debug|Any CPU
		{F879F274-EFA0-4157-8404-33A19B4E6AEC}.Debug|Any CPU.Build.0 = Debug|Any CPU
		{F879F274-EFA0-4157-8404-33A19B4E6AEC}.Debug|Mixed Platforms.ActiveCfg = Debug|Any CPU
		{F879F274-EFA0-4157-8404-33A19B4E6AEC}.Debug|Mixed Platforms.Build.0 = Debug|Any CPU
		{F879F274-EFA0-4157-8404-33A19B4E6AEC}.Mono Debug|Any CPU.ActiveCfg = Debug|Any CPU
		{F879F274-EFA0-4157-8404-33A19B4E6AEC}.Mono Debug|Any CPU.Build.0 = Debug|Any CPU
		{F879F274-EFA0-4157-8404-33A19B4E6AEC}.Mono Debug|Mixed Platforms.ActiveCfg = Debug|Any CPU
		{F879F274-EFA0-4157-8404-33A19B4E6AEC}.Mono Debug|Mixed Platforms.Build.0 = Debug|Any CPU
		{F879F274-EFA0-4157-8404-33A19B4E6AEC}.Mono Release|Any CPU.ActiveCfg = Release|Any CPU
		{F879F274-EFA0-4157-8404-33A19B4E6AEC}.Mono Release|Any CPU.Build.0 = Release|Any CPU
		{F879F274-EFA0-4157-8404-33A19B4E6AEC}.Mono Release|Mixed Platforms.ActiveCfg = Release|Any CPU
		{F879F274-EFA0-4157-8404-33A19B4E6AEC}.Mono Release|Mixed Platforms.Build.0 = Release|Any CPU
		{F879F274-EFA0-4157-8404-33A19B4E6AEC}.Release|Any CPU.ActiveCfg = Release|Any CPU
		{F879F274-EFA0-4157-8404-33A19B4E6AEC}.Release|Any CPU.Build.0 = Release|Any CPU
		{F879F274-EFA0-4157-8404-33A19B4E6AEC}.Release|Mixed Platforms.ActiveCfg = Release|Any CPU
		{F879F274-EFA0-4157-8404-33A19B4E6AEC}.Release|Mixed Platforms.Build.0 = Release|Any CPU
		{D3106412-E3AF-4CB6-B6D3-3664465B491F}.Coverage|Any CPU.ActiveCfg = Coverage|Any CPU
		{D3106412-E3AF-4CB6-B6D3-3664465B491F}.Coverage|Any CPU.Build.0 = Coverage|Any CPU
		{D3106412-E3AF-4CB6-B6D3-3664465B491F}.Coverage|Mixed Platforms.ActiveCfg = Coverage|Any CPU
		{D3106412-E3AF-4CB6-B6D3-3664465B491F}.Coverage|Mixed Platforms.Build.0 = Coverage|Any CPU
		{D3106412-E3AF-4CB6-B6D3-3664465B491F}.Debug|Any CPU.ActiveCfg = Debug|Any CPU
		{D3106412-E3AF-4CB6-B6D3-3664465B491F}.Debug|Any CPU.Build.0 = Debug|Any CPU
		{D3106412-E3AF-4CB6-B6D3-3664465B491F}.Debug|Mixed Platforms.ActiveCfg = Debug|Any CPU
		{D3106412-E3AF-4CB6-B6D3-3664465B491F}.Debug|Mixed Platforms.Build.0 = Debug|Any CPU
		{D3106412-E3AF-4CB6-B6D3-3664465B491F}.Mono Debug|Any CPU.ActiveCfg = Debug|Any CPU
		{D3106412-E3AF-4CB6-B6D3-3664465B491F}.Mono Debug|Any CPU.Build.0 = Debug|Any CPU
		{D3106412-E3AF-4CB6-B6D3-3664465B491F}.Mono Debug|Mixed Platforms.ActiveCfg = Debug|Any CPU
		{D3106412-E3AF-4CB6-B6D3-3664465B491F}.Mono Debug|Mixed Platforms.Build.0 = Debug|Any CPU
		{D3106412-E3AF-4CB6-B6D3-3664465B491F}.Mono Release|Any CPU.ActiveCfg = Release|Any CPU
		{D3106412-E3AF-4CB6-B6D3-3664465B491F}.Mono Release|Any CPU.Build.0 = Release|Any CPU
		{D3106412-E3AF-4CB6-B6D3-3664465B491F}.Mono Release|Mixed Platforms.ActiveCfg = Release|Any CPU
		{D3106412-E3AF-4CB6-B6D3-3664465B491F}.Mono Release|Mixed Platforms.Build.0 = Release|Any CPU
		{D3106412-E3AF-4CB6-B6D3-3664465B491F}.Release|Any CPU.ActiveCfg = Release|Any CPU
		{D3106412-E3AF-4CB6-B6D3-3664465B491F}.Release|Any CPU.Build.0 = Release|Any CPU
		{D3106412-E3AF-4CB6-B6D3-3664465B491F}.Release|Mixed Platforms.ActiveCfg = Release|Any CPU
		{D3106412-E3AF-4CB6-B6D3-3664465B491F}.Release|Mixed Platforms.Build.0 = Release|Any CPU
	EndGlobalSection
	GlobalSection(SolutionProperties) = preSolution
		HideSolutionNode = FALSE
	EndGlobalSection
	GlobalSection(NestedProjects) = preSolution
		{D3106412-E3AF-4CB6-B6D3-3664465B491F} = {E7B39EAD-EA32-4011-845A-C949A336389A}
	EndGlobalSection
EndGlobal
